{
  "requires": true,
  "lockfileVersion": 1,
  "dependencies": {
    "@types/aws-lambda": {
      "version": "8.10.13",
      "resolved": "http://repo.ihsmarkit.com/artifactory/api/npm/npm_mod/@types/aws-lambda/-/aws-lambda-8.10.13.tgz",
      "integrity": "sha1-kswGscyItdCzJ9JnHc89rqlpI6U="
    },
    "@types/body-parser": {
      "version": "1.19.0",
      "resolved": "http://repo.ihsmarkit.com/artifactory/api/npm/npm_mod/@types/body-parser/-/body-parser-1.19.0.tgz",
      "integrity": "sha1-BoWzxH6zAG/+0RfN1VFkth+AU48=",
      "requires": {
        "@types/connect": "*",
        "@types/node": "*"
      }
    },
    "@types/connect": {
      "version": "3.4.33",
      "resolved": "http://repo.ihsmarkit.com/artifactory/api/npm/npm_mod/@types/connect/-/connect-3.4.33.tgz",
      "integrity": "sha1-MWEMkB7KVzuHE8MzCrxua59YhUY=",
      "requires": {
        "@types/node": "*"
      }
    },
    "@types/cors": {
      "version": "2.8.6",
      "resolved": "http://repo.ihsmarkit.com/artifactory/api/npm/npm_mod/@types/cors/-/cors-2.8.6.tgz",
      "integrity": "sha1-z6qzPEnBWx3tMvI1ERzpEjAJvQI=",
      "requires": {
        "@types/express": "*"
      }
    },
    "@types/express": {
      "version": "4.17.2",
      "resolved": "http://repo.ihsmarkit.com/artifactory/api/npm/npm_mod/@types/express/-/express-4.17.2.tgz",
      "integrity": "sha1-oPt6I9iFW6wxvAHVpYyt2bIXPmw=",
      "requires": {
        "@types/body-parser": "*",
        "@types/express-serve-static-core": "*",
        "@types/serve-static": "*"
      }
    },
    "@types/express-serve-static-core": {
      "version": "4.17.2",
      "resolved": "http://repo.ihsmarkit.com/artifactory/api/npm/npm_mod/@types/express-serve-static-core/-/express-serve-static-core-4.17.2.tgz",
      "integrity": "sha1-9vQfo11C552/ZhDsy7JjfmAIoM8=",
      "requires": {
        "@types/node": "*",
        "@types/range-parser": "*"
      }
    },
    "@types/graphql": {
      "version": "14.5.0",
      "resolved": "http://repo.ihsmarkit.com/artifactory/api/npm/npm_mod/@types/graphql/-/graphql-14.5.0.tgz",
      "integrity": "sha1-pUX7O8gBOjVHzy8H9eE6M2QrddY=",
      "requires": {
        "graphql": "*"
      }
    },
    "@types/graphql-deduplicator": {
      "version": "2.0.0",
      "resolved": "http://repo.ihsmarkit.com/artifactory/api/npm/npm_mod/@types/graphql-deduplicator/-/graphql-deduplicator-2.0.0.tgz",
      "integrity": "sha1-nld7jz/rPQZ7DKdW9KH7NW1TOSI="
    },
    "@types/mime": {
      "version": "2.0.1",
      "resolved": "http://repo.ihsmarkit.com/artifactory/api/npm/npm_mod/@types/mime/-/mime-2.0.1.tgz",
      "integrity": "sha1-3EiIQjEqfwdRSTEpBbXjwLBUx50="
    },
    "@types/node": {
      "version": "13.7.4",
      "resolved": "http://repo.ihsmarkit.com/artifactory/api/npm/npm_mod/@types/node/-/node-13.7.4.tgz",
      "integrity": "sha1-dsPLOhKQlRD1Ll3ASmKYzflQT/0="
    },
    "@types/range-parser": {
      "version": "1.2.3",
      "resolved": "http://repo.ihsmarkit.com/artifactory/api/npm/npm_mod/@types/range-parser/-/range-parser-1.2.3.tgz",
      "integrity": "sha1-fuMwunyq+5gJC+zoal7kQRWQTCw="
    },
    "@types/serve-static": {
      "version": "1.13.3",
      "resolved": "http://repo.ihsmarkit.com/artifactory/api/npm/npm_mod/@types/serve-static/-/serve-static-1.13.3.tgz",
      "integrity": "sha1-634cQcRGgnJVfol+kXHe1eLe2dE=",
      "requires": {
        "@types/express-serve-static-core": "*",
        "@types/mime": "*"
      }
    },
    "@types/zen-observable": {
      "version": "0.5.4",
      "resolved": "http://repo.ihsmarkit.com/artifactory/api/npm/npm_mod/@types/zen-observable/-/zen-observable-0.5.4.tgz",
      "integrity": "sha1-uGOkGR5SUgaBngCAl+vw+y46HNw="
    },
    "@wry/equality": {
      "version": "0.1.9",
      "resolved": "http://repo.ihsmarkit.com/artifactory/api/npm/npm_mod/@wry/equality/-/equality-0.1.9.tgz",
      "integrity": "sha1-sT4Yt6gFPGhYqmyFtUkR+zHjqQk=",
      "requires": {
        "tslib": "^1.9.3"
      }
    },
    "accepts": {
      "version": "1.3.7",
      "resolved": "http://repo.ihsmarkit.com/artifactory/api/npm/npm_mod/accepts/-/accepts-1.3.7.tgz",
      "integrity": "sha1-UxvHJlF6OytB+FACHGzBXqq1B80=",
      "requires": {
        "mime-types": "~2.1.24",
        "negotiator": "0.6.2"
      }
    },
    "apollo-cache-control": {
      "version": "0.1.1",
      "resolved": "http://repo.ihsmarkit.com/artifactory/api/npm/npm_mod/apollo-cache-control/-/apollo-cache-control-0.1.1.tgz",
      "integrity": "sha1-Fz0UzrPrnny1Pefri2G+5hWdQXE=",
      "requires": {
        "graphql-extensions": "^0.0.x"
      }
    },
    "apollo-link": {
      "version": "1.2.13",
      "resolved": "http://repo.ihsmarkit.com/artifactory/api/npm/npm_mod/apollo-link/-/apollo-link-1.2.13.tgz",
      "integrity": "sha1-3/APvxnfzZD928FLaj+adxrKxsQ=",
      "requires": {
        "apollo-utilities": "^1.3.0",
        "ts-invariant": "^0.4.0",
        "tslib": "^1.9.3",
        "zen-observable-ts": "^0.8.20"
      }
    },
    "apollo-server-core": {
      "version": "1.4.0",
      "resolved": "http://repo.ihsmarkit.com/artifactory/api/npm/npm_mod/apollo-server-core/-/apollo-server-core-1.4.0.tgz",
      "integrity": "sha1-T6/38RC/3Ww/RwCDAq4kFA+UxZI=",
      "requires": {
        "apollo-cache-control": "^0.1.0",
        "apollo-tracing": "^0.1.0",
        "graphql-extensions": "^0.0.x"
      }
    },
    "apollo-server-express": {
      "version": "1.4.0",
      "resolved": "http://repo.ihsmarkit.com/artifactory/api/npm/npm_mod/apollo-server-express/-/apollo-server-express-1.4.0.tgz",
      "integrity": "sha1-fXxY1tb5iSuD/ldWaQk7tmc4sSU=",
      "requires": {
        "apollo-server-core": "^1.4.0",
        "apollo-server-module-graphiql": "^1.4.0"
      }
    },
    "apollo-server-lambda": {
      "version": "1.3.6",
      "resolved": "http://repo.ihsmarkit.com/artifactory/api/npm/npm_mod/apollo-server-lambda/-/apollo-server-lambda-1.3.6.tgz",
      "integrity": "sha1-varDfxQ8Z5jkC4rnVYC6ZzzqJg4=",
      "requires": {
        "apollo-server-core": "^1.3.6",
        "apollo-server-module-graphiql": "^1.3.4"
      }
    },
    "apollo-server-module-graphiql": {
      "version": "1.4.0",
      "resolved": "http://repo.ihsmarkit.com/artifactory/api/npm/npm_mod/apollo-server-module-graphiql/-/apollo-server-module-graphiql-1.4.0.tgz",
      "integrity": "sha1-xVnvooVXiCBwnxdpu4XTs+7T2Ow="
    },
    "apollo-tracing": {
      "version": "0.1.4",
      "resolved": "http://repo.ihsmarkit.com/artifactory/api/npm/npm_mod/apollo-tracing/-/apollo-tracing-0.1.4.tgz",
      "integrity": "sha1-W4rhsBUmsWDublUqfxMZI6mu3Mc=",
      "requires": {
        "graphql-extensions": "~0.0.9"
      }
    },
    "apollo-upload-server": {
      "version": "7.1.0",
      "resolved": "http://repo.ihsmarkit.com/artifactory/api/npm/npm_mod/apollo-upload-server/-/apollo-upload-server-7.1.0.tgz",
      "integrity": "sha1-IeB7UiUrN0m5E0aFmYE+E8/KgF8=",
      "requires": {
        "busboy": "^0.2.14",
        "fs-capacitor": "^1.0.0",
        "http-errors": "^1.7.0",
        "object-path": "^0.11.4"
      }
    },
    "apollo-utilities": {
      "version": "1.3.3",
      "resolved": "http://repo.ihsmarkit.com/artifactory/api/npm/npm_mod/apollo-utilities/-/apollo-utilities-1.3.3.tgz",
      "integrity": "sha1-8YVHFae+gM2BC8Osld8IWBXAeHw=",
      "requires": {
        "@wry/equality": "^0.1.2",
        "fast-json-stable-stringify": "^2.0.0",
        "ts-invariant": "^0.4.0",
        "tslib": "^1.10.0"
      }
    },
    "array-flatten": {
      "version": "1.1.1",
      "resolved": "http://repo.ihsmarkit.com/artifactory/api/npm/npm_mod/array-flatten/-/array-flatten-1.1.1.tgz",
      "integrity": "sha1-ml9pkFGx5wczKPKgCJaLZOopVdI="
    },
    "async-limiter": {
      "version": "1.0.1",
      "resolved": "http://repo.ihsmarkit.com/artifactory/api/npm/npm_mod/async-limiter/-/async-limiter-1.0.1.tgz",
      "integrity": "sha1-3TeelPDbgxCwgpH51kwyCXZmF/0="
    },
    "backo2": {
      "version": "1.0.2",
      "resolved": "http://repo.ihsmarkit.com/artifactory/api/npm/npm_mod/backo2/-/backo2-1.0.2.tgz",
      "integrity": "sha1-MasayLEpNjRj41s+u2n038+6eUc="
    },
    "body-parser": {
      "version": "1.19.0",
      "resolved": "http://repo.ihsmarkit.com/artifactory/api/npm/npm_mod/body-parser/-/body-parser-1.19.0.tgz",
      "integrity": "sha1-lrJwnlfJxOCab9Zqj9l5hE9p8Io=",
      "requires": {
        "bytes": "3.1.0",
        "content-type": "~1.0.4",
        "debug": "2.6.9",
        "depd": "~1.1.2",
        "http-errors": "1.7.2",
        "iconv-lite": "0.4.24",
        "on-finished": "~2.3.0",
        "qs": "6.7.0",
        "raw-body": "2.4.0",
        "type-is": "~1.6.17"
      },
      "dependencies": {
        "http-errors": {
          "version": "1.7.2",
          "resolved": "http://repo.ihsmarkit.com/artifactory/api/npm/npm_mod/http-errors/-/http-errors-1.7.2.tgz",
          "integrity": "sha1-T1ApzxMjnzEDblsuVSkrz7zIXI8=",
          "requires": {
            "depd": "~1.1.2",
            "inherits": "2.0.3",
            "setprototypeof": "1.1.1",
            "statuses": ">= 1.5.0 < 2",
            "toidentifier": "1.0.0"
          }
        },
        "inherits": {
          "version": "2.0.3",
          "resolved": "http://repo.ihsmarkit.com/artifactory/api/npm/npm_mod/inherits/-/inherits-2.0.3.tgz",
          "integrity": "sha1-Yzwsg+PaQqUC9SRmAiSA9CCCYd4="
        }
      }
    },
    "body-parser-graphql": {
      "version": "1.1.0",
      "resolved": "http://repo.ihsmarkit.com/artifactory/api/npm/npm_mod/body-parser-graphql/-/body-parser-graphql-1.1.0.tgz",
      "integrity": "sha1-gKgDU8fLYjVi/TdXUN/gGNdfD3w=",
      "requires": {
        "body-parser": "^1.18.2"
      }
    },
    "buffer-from": {
      "version": "1.1.1",
      "resolved": "http://repo.ihsmarkit.com/artifactory/api/npm/npm_mod/buffer-from/-/buffer-from-1.1.1.tgz",
      "integrity": "sha1-MnE7wCj3XAL9txDXx7zsHyxgcO8="
    },
    "busboy": {
      "version": "0.2.14",
      "resolved": "http://repo.ihsmarkit.com/artifactory/api/npm/npm_mod/busboy/-/busboy-0.2.14.tgz",
      "integrity": "sha1-bCpiLvz0fFe7vh4qnDetNseSVFM=",
      "requires": {
        "dicer": "0.2.5",
        "readable-stream": "1.1.x"
      }
    },
    "bytes": {
      "version": "3.1.0",
      "resolved": "http://repo.ihsmarkit.com/artifactory/api/npm/npm_mod/bytes/-/bytes-3.1.0.tgz",
      "integrity": "sha1-9s95M6Ng4FiPqf3oVlHNx/gF0fY="
    },
    "content-disposition": {
      "version": "0.5.3",
      "resolved": "http://repo.ihsmarkit.com/artifactory/api/npm/npm_mod/content-disposition/-/content-disposition-0.5.3.tgz",
      "integrity": "sha1-4TDK9+cnkIfFYWwgB9BIVpiYT70=",
      "requires": {
        "safe-buffer": "5.1.2"
      }
    },
    "content-type": {
      "version": "1.0.4",
      "resolved": "http://repo.ihsmarkit.com/artifactory/api/npm/npm_mod/content-type/-/content-type-1.0.4.tgz",
      "integrity": "sha1-4TjMdeBAxyexlm/l5fjJruJW/js="
    },
    "cookie": {
      "version": "0.4.0",
      "resolved": "http://repo.ihsmarkit.com/artifactory/api/npm/npm_mod/cookie/-/cookie-0.4.0.tgz",
      "integrity": "sha1-vrQ35wIrO21JAZ0IhmUwPr6cFLo="
    },
    "cookie-signature": {
      "version": "1.0.6",
      "resolved": "http://repo.ihsmarkit.com/artifactory/api/npm/npm_mod/cookie-signature/-/cookie-signature-1.0.6.tgz",
      "integrity": "sha1-4wOogrNCzD7oylE6eZmXNNqzriw="
    },
    "core-js": {
      "version": "2.6.11",
      "resolved": "http://repo.ihsmarkit.com/artifactory/api/npm/npm_mod/core-js/-/core-js-2.6.11.tgz",
      "integrity": "sha1-OIMUafmSK97Y7iHJ3EaYXgOZMIw="
    },
    "core-util-is": {
      "version": "1.0.2",
      "resolved": "http://repo.ihsmarkit.com/artifactory/api/npm/npm_mod/core-util-is/-/core-util-is-1.0.2.tgz",
      "integrity": "sha1-tf1UIgqivFq1eqtxQMlAdUUDwac="
    },
    "cors": {
      "version": "2.8.5",
      "resolved": "http://repo.ihsmarkit.com/artifactory/api/npm/npm_mod/cors/-/cors-2.8.5.tgz",
      "integrity": "sha1-6sEdpRWS3Ya58G9uesKTs9+HXSk=",
      "requires": {
        "object-assign": "^4",
        "vary": "^1"
      }
    },
    "debug": {
      "version": "2.6.9",
      "resolved": "http://repo.ihsmarkit.com/artifactory/api/npm/npm_mod/debug/-/debug-2.6.9.tgz",
      "integrity": "sha1-XRKFFd8TT/Mn6QpMk/Tgd6U2NB8=",
      "requires": {
        "ms": "2.0.0"
      }
    },
    "depd": {
      "version": "1.1.2",
      "resolved": "http://repo.ihsmarkit.com/artifactory/api/npm/npm_mod/depd/-/depd-1.1.2.tgz",
      "integrity": "sha1-m81S4UwJd2PnSbJ0xDRu0uVgtak="
    },
    "deprecated-decorator": {
      "version": "0.1.6",
      "resolved": "http://repo.ihsmarkit.com/artifactory/api/npm/npm_mod/deprecated-decorator/-/deprecated-decorator-0.1.6.tgz",
      "integrity": "sha1-AJZjF7ehL+kvPMgx91g68ym4bDc="
    },
    "destroy": {
      "version": "1.0.4",
      "resolved": "http://repo.ihsmarkit.com/artifactory/api/npm/npm_mod/destroy/-/destroy-1.0.4.tgz",
      "integrity": "sha1-l4hXRCxEdJ5CBmE+N5RiBYJqvYA="
    },
    "dicer": {
      "version": "0.2.5",
      "resolved": "http://repo.ihsmarkit.com/artifactory/api/npm/npm_mod/dicer/-/dicer-0.2.5.tgz",
      "integrity": "sha1-WZbAhrszIYyBLAkL3cCc0S+stw8=",
      "requires": {
        "readable-stream": "1.1.x",
        "streamsearch": "0.1.2"
      }
    },
    "ee-first": {
      "version": "1.1.1",
      "resolved": "http://repo.ihsmarkit.com/artifactory/api/npm/npm_mod/ee-first/-/ee-first-1.1.1.tgz",
      "integrity": "sha1-WQxhFWsK4vTwJVcyoViyZrxWsh0="
    },
    "encodeurl": {
      "version": "1.0.2",
      "resolved": "http://repo.ihsmarkit.com/artifactory/api/npm/npm_mod/encodeurl/-/encodeurl-1.0.2.tgz",
      "integrity": "sha1-rT/0yG7C0CkyL1oCw6mmBslbP1k="
    },
    "escape-html": {
      "version": "1.0.3",
      "resolved": "http://repo.ihsmarkit.com/artifactory/api/npm/npm_mod/escape-html/-/escape-html-1.0.3.tgz",
      "integrity": "sha1-Aljq5NPQwJdN4cFpGI7wBR0dGYg="
    },
    "etag": {
      "version": "1.8.1",
      "resolved": "http://repo.ihsmarkit.com/artifactory/api/npm/npm_mod/etag/-/etag-1.8.1.tgz",
      "integrity": "sha1-Qa4u62XvpiJorr/qg6x9eSmbCIc="
    },
    "eventemitter3": {
      "version": "3.1.2",
      "resolved": "http://repo.ihsmarkit.com/artifactory/api/npm/npm_mod/eventemitter3/-/eventemitter3-3.1.2.tgz",
      "integrity": "sha1-LT1I+cNGaY/Og6hdfWZOmFNd9uc="
    },
    "express": {
      "version": "4.17.1",
      "resolved": "http://repo.ihsmarkit.com/artifactory/api/npm/npm_mod/express/-/express-4.17.1.tgz",
      "integrity": "sha1-RJH8OGBc9R+GKdOcK10Cb5ikwTQ=",
      "requires": {
        "accepts": "~1.3.7",
        "array-flatten": "1.1.1",
        "body-parser": "1.19.0",
        "content-disposition": "0.5.3",
        "content-type": "~1.0.4",
        "cookie": "0.4.0",
        "cookie-signature": "1.0.6",
        "debug": "2.6.9",
        "depd": "~1.1.2",
        "encodeurl": "~1.0.2",
        "escape-html": "~1.0.3",
        "etag": "~1.8.1",
        "finalhandler": "~1.1.2",
        "fresh": "0.5.2",
        "merge-descriptors": "1.0.1",
        "methods": "~1.1.2",
        "on-finished": "~2.3.0",
        "parseurl": "~1.3.3",
        "path-to-regexp": "0.1.7",
        "proxy-addr": "~2.0.5",
        "qs": "6.7.0",
        "range-parser": "~1.2.1",
        "safe-buffer": "5.1.2",
        "send": "0.17.1",
        "serve-static": "1.14.1",
        "setprototypeof": "1.1.1",
        "statuses": "~1.5.0",
        "type-is": "~1.6.18",
        "utils-merge": "1.0.1",
        "vary": "~1.1.2"
      }
    },
    "fast-json-stable-stringify": {
      "version": "2.1.0",
      "resolved": "http://repo.ihsmarkit.com/artifactory/api/npm/npm_mod/fast-json-stable-stringify/-/fast-json-stable-stringify-2.1.0.tgz",
      "integrity": "sha1-h0v2nG9ATCtdmcSBNBOZ/VWJJjM="
    },
    "finalhandler": {
      "version": "1.1.2",
      "resolved": "http://repo.ihsmarkit.com/artifactory/api/npm/npm_mod/finalhandler/-/finalhandler-1.1.2.tgz",
      "integrity": "sha1-t+fQAP/RGTjQ/bBTUG9uur6fWH0=",
      "requires": {
        "debug": "2.6.9",
        "encodeurl": "~1.0.2",
        "escape-html": "~1.0.3",
        "on-finished": "~2.3.0",
        "parseurl": "~1.3.3",
        "statuses": "~1.5.0",
        "unpipe": "~1.0.0"
      }
    },
    "forwarded": {
      "version": "0.1.2",
      "resolved": "http://repo.ihsmarkit.com/artifactory/api/npm/npm_mod/forwarded/-/forwarded-0.1.2.tgz",
      "integrity": "sha1-mMI9qxF1ZXuMBXPozszZGw/xjIQ="
    },
    "fresh": {
      "version": "0.5.2",
      "resolved": "http://repo.ihsmarkit.com/artifactory/api/npm/npm_mod/fresh/-/fresh-0.5.2.tgz",
      "integrity": "sha1-PYyt2Q2XZWn6g1qx+OSyOhBWBac="
    },
    "fs-capacitor": {
      "version": "1.0.1",
      "resolved": "http://repo.ihsmarkit.com/artifactory/api/npm/npm_mod/fs-capacitor/-/fs-capacitor-1.0.1.tgz",
      "integrity": "sha1-/52/oU369EclN3IPGcMIjtknjfA="
    },
    "graphql": {
      "version": "14.6.0",
      "resolved": "http://repo.ihsmarkit.com/artifactory/api/npm/npm_mod/graphql/-/graphql-14.6.0.tgz",
      "integrity": "sha1-V4IilxEeh06hL1zUQZYWkwzYPkk=",
      "requires": {
        "iterall": "^1.2.2"
      }
    },
    "graphql-deduplicator": {
      "version": "2.0.5",
      "resolved": "http://repo.ihsmarkit.com/artifactory/api/npm/npm_mod/graphql-deduplicator/-/graphql-deduplicator-2.0.5.tgz",
      "integrity": "sha1-+rWdik+BJ+AQEieEY4z8ivyBWpw="
    },
    "graphql-extensions": {
      "version": "0.0.10",
      "resolved": "http://repo.ihsmarkit.com/artifactory/api/npm/npm_mod/graphql-extensions/-/graphql-extensions-0.0.10.tgz",
      "integrity": "sha1-NL2yVG1D9qW8iasjwpXsBGbGhD0=",
      "requires": {
        "core-js": "^2.5.3",
        "source-map-support": "^0.5.1"
      }
    },
    "graphql-import": {
      "version": "0.7.1",
      "resolved": "http://repo.ihsmarkit.com/artifactory/api/npm/npm_mod/graphql-import/-/graphql-import-0.7.1.tgz",
      "integrity": "sha1-St2NkaX3UtdksKSnpGH82TE28iM=",
      "requires": {
        "lodash": "^4.17.4",
        "resolve-from": "^4.0.0"
      }
    },
    "graphql-middleware": {
      "version": "4.0.1",
      "resolved": "http://repo.ihsmarkit.com/artifactory/api/npm/npm_mod/graphql-middleware/-/graphql-middleware-4.0.1.tgz",
      "integrity": "sha1-jGJ7IswEakfpR0qBPPngvVD6DEs=",
      "requires": {
        "graphql-tools": "^4.0.5"
      }
    },
    "graphql-playground-html": {
      "version": "1.6.12",
      "resolved": "http://repo.ihsmarkit.com/artifactory/api/npm/npm_mod/graphql-playground-html/-/graphql-playground-html-1.6.12.tgz",
      "integrity": "sha1-izs0q2AT4sh38M6q5Hj6/IypG4U="
    },
    "graphql-playground-middleware-express": {
      "version": "1.7.11",
      "resolved": "http://repo.ihsmarkit.com/artifactory/api/npm/npm_mod/graphql-playground-middleware-express/-/graphql-playground-middleware-express-1.7.11.tgz",
      "integrity": "sha1-u//XhKNxM7+nFlvdj0KQgdv0vPY=",
      "requires": {
        "graphql-playground-html": "1.6.12"
      }
    },
    "graphql-playground-middleware-lambda": {
      "version": "1.7.12",
      "resolved": "http://repo.ihsmarkit.com/artifactory/api/npm/npm_mod/graphql-playground-middleware-lambda/-/graphql-playground-middleware-lambda-1.7.12.tgz",
      "integrity": "sha1-GwZECiiNvNU/k1tD5bnKJzigYwU=",
      "requires": {
        "graphql-playground-html": "1.6.12"
      }
    },
    "graphql-subscriptions": {
      "version": "0.5.8",
      "resolved": "http://repo.ihsmarkit.com/artifactory/api/npm/npm_mod/graphql-subscriptions/-/graphql-subscriptions-0.5.8.tgz",
      "integrity": "sha1-E6YUPFRrzjkEBGV9xzylAd7zCqc=",
      "requires": {
        "iterall": "^1.2.1"
      }
    },
    "graphql-tools": {
      "version": "4.0.7",
      "resolved": "http://repo.ihsmarkit.com/artifactory/api/npm/npm_mod/graphql-tools/-/graphql-tools-4.0.7.tgz",
      "integrity": "sha1-dDMJuWy2V/9FtgfuCgcZPNmH5Dw=",
      "requires": {
        "apollo-link": "^1.2.3",
        "apollo-utilities": "^1.0.1",
        "deprecated-decorator": "^0.1.6",
        "iterall": "^1.1.3",
        "uuid": "^3.1.0"
      }
    },
    "graphql-upload": {
      "version": "8.1.0",
      "resolved": "http://repo.ihsmarkit.com/artifactory/api/npm/npm_mod/graphql-upload/-/graphql-upload-8.1.0.tgz",
      "integrity": "sha1-bQq2YttWd6aL+x8shwqyVEwUk5o=",
      "requires": {
        "busboy": "^0.3.1",
        "fs-capacitor": "^2.0.4",
        "http-errors": "^1.7.3",
        "object-path": "^0.11.4"
      },
      "dependencies": {
        "busboy": {
          "version": "0.3.1",
          "resolved": "http://repo.ihsmarkit.com/artifactory/api/npm/npm_mod/busboy/-/busboy-0.3.1.tgz",
          "integrity": "sha1-FwiZJ0xb84quJ9XGK3EmjNWF/Rs=",
          "requires": {
            "dicer": "0.3.0"
          }
        },
        "dicer": {
          "version": "0.3.0",
          "resolved": "http://repo.ihsmarkit.com/artifactory/api/npm/npm_mod/dicer/-/dicer-0.3.0.tgz",
          "integrity": "sha1-6s2Ys7+/kuirXC/bcaqsRLsGuHI=",
          "requires": {
            "streamsearch": "0.1.2"
          }
        },
        "fs-capacitor": {
          "version": "2.0.4",
          "resolved": "http://repo.ihsmarkit.com/artifactory/api/npm/npm_mod/fs-capacitor/-/fs-capacitor-2.0.4.tgz",
          "integrity": "sha1-WiLnLUCuUHi0/mT+TQjA0/yIrTw="
        }
      }
    },
    "graphql-yoga": {
      "version": "1.18.3",
      "resolved": "http://repo.ihsmarkit.com/artifactory/api/npm/npm_mod/graphql-yoga/-/graphql-yoga-1.18.3.tgz",
      "integrity": "sha1-BH+lEdvvY89tbqfAanEgLTdESEQ=",
      "requires": {
        "@types/aws-lambda": "8.10.13",
        "@types/cors": "^2.8.4",
        "@types/express": "^4.11.1",
        "@types/graphql": "^14.0.0",
        "@types/graphql-deduplicator": "^2.0.0",
        "@types/zen-observable": "^0.5.3",
        "apollo-server-express": "^1.3.6",
        "apollo-server-lambda": "1.3.6",
        "apollo-upload-server": "^7.0.0",
        "body-parser-graphql": "1.1.0",
        "cors": "^2.8.4",
        "express": "^4.16.3",
        "graphql": "^0.11.0 || ^0.12.0 || ^0.13.0 || ^14.0.0",
        "graphql-deduplicator": "^2.0.1",
        "graphql-import": "^0.7.0",
        "graphql-middleware": "4.0.1",
        "graphql-playground-middleware-express": "1.7.11",
        "graphql-playground-middleware-lambda": "1.7.12",
        "graphql-subscriptions": "^0.5.8",
        "graphql-tools": "^4.0.0",
        "graphql-upload": "^8.0.0",
        "subscriptions-transport-ws": "^0.9.8"
      }
    },
    "http-errors": {
      "version": "1.7.3",
      "resolved": "http://repo.ihsmarkit.com/artifactory/api/npm/npm_mod/http-errors/-/http-errors-1.7.3.tgz",
      "integrity": "sha1-bGGeT5xgMIw4UZSYwU+7EKrOuwY=",
      "requires": {
        "depd": "~1.1.2",
        "inherits": "2.0.4",
        "setprototypeof": "1.1.1",
        "statuses": ">= 1.5.0 < 2",
        "toidentifier": "1.0.0"
      }
    },
    "iconv-lite": {
      "version": "0.4.24",
      "resolved": "http://repo.ihsmarkit.com/artifactory/api/npm/npm_mod/iconv-lite/-/iconv-lite-0.4.24.tgz",
      "integrity": "sha1-ICK0sl+93CHS9SSXSkdKr+czkIs=",
      "requires": {
        "safer-buffer": ">= 2.1.2 < 3"
      }
    },
    "inherits": {
      "version": "2.0.4",
      "resolved": "http://repo.ihsmarkit.com/artifactory/api/npm/npm_mod/inherits/-/inherits-2.0.4.tgz",
      "integrity": "sha1-D6LGT5MpF8NDOg3tVTY6rjdBa3w="
    },
    "ipaddr.js": {
      "version": "1.9.0",
      "resolved": "http://repo.ihsmarkit.com/artifactory/api/npm/npm_mod/ipaddr.js/-/ipaddr.js-1.9.0.tgz",
      "integrity": "sha1-N9905DCg5HVQ/lSi3v4w2KzZX2U="
    },
    "isarray": {
      "version": "0.0.1",
      "resolved": "http://repo.ihsmarkit.com/artifactory/api/npm/npm_mod/isarray/-/isarray-0.0.1.tgz",
      "integrity": "sha1-ihis/Kmo9Bd+Cav8YDiTmwXR7t8="
    },
    "iterall": {
      "version": "1.3.0",
      "resolved": "http://repo.ihsmarkit.com/artifactory/api/npm/npm_mod/iterall/-/iterall-1.3.0.tgz",
      "integrity": "sha1-r8sISS4pFcvYoIhOuTqMlNDXL+o="
    },
    "lodash": {
      "version": "4.17.15",
      "resolved": "http://repo.ihsmarkit.com/artifactory/api/npm/npm_mod/lodash/-/lodash-4.17.15.tgz",
      "integrity": "sha1-tEf2ZwoEVbv+7dETku/zMOoJdUg="
    },
    "media-typer": {
      "version": "0.3.0",
      "resolved": "http://repo.ihsmarkit.com/artifactory/api/npm/npm_mod/media-typer/-/media-typer-0.3.0.tgz",
      "integrity": "sha1-hxDXrwqmJvj/+hzgAWhUUmMlV0g="
    },
    "merge-descriptors": {
      "version": "1.0.1",
      "resolved": "http://repo.ihsmarkit.com/artifactory/api/npm/npm_mod/merge-descriptors/-/merge-descriptors-1.0.1.tgz",
      "integrity": "sha1-sAqqVW3YtEVoFQ7J0blT8/kMu2E="
    },
    "methods": {
      "version": "1.1.2",
      "resolved": "http://repo.ihsmarkit.com/artifactory/api/npm/npm_mod/methods/-/methods-1.1.2.tgz",
      "integrity": "sha1-VSmk1nZUE07cxSZmVoNbD4Ua/O4="
    },
    "mime": {
      "version": "1.6.0",
      "resolved": "http://repo.ihsmarkit.com/artifactory/api/npm/npm_mod/mime/-/mime-1.6.0.tgz",
      "integrity": "sha1-Ms2eXGRVO9WNGaVor0Uqz/BJgbE="
    },
    "mime-db": {
      "version": "1.43.0",
      "resolved": "http://repo.ihsmarkit.com/artifactory/api/npm/npm_mod/mime-db/-/mime-db-1.43.0.tgz",
      "integrity": "sha1-ChLgUCZQ5HPXNVNQUOfI9OtPrlg="
    },
    "mime-types": {
      "version": "2.1.26",
      "resolved": "http://repo.ihsmarkit.com/artifactory/api/npm/npm_mod/mime-types/-/mime-types-2.1.26.tgz",
      "integrity": "sha1-nJIfwJt+FJpl39wNpNIJlyALCgY=",
      "requires": {
        "mime-db": "1.43.0"
      }
    },
    "ms": {
      "version": "2.0.0",
      "resolved": "http://repo.ihsmarkit.com/artifactory/api/npm/npm_mod/ms/-/ms-2.0.0.tgz",
      "integrity": "sha1-VgiurfwAvmwpAd9fmGF4jeDVl8g="
    },
    "negotiator": {
      "version": "0.6.2",
      "resolved": "http://repo.ihsmarkit.com/artifactory/api/npm/npm_mod/negotiator/-/negotiator-0.6.2.tgz",
      "integrity": "sha1-/qz3zPUlp3rpY0Q2pkiD/+yjRvs="
    },
    "object-assign": {
      "version": "4.1.1",
      "resolved": "http://repo.ihsmarkit.com/artifactory/api/npm/npm_mod/object-assign/-/object-assign-4.1.1.tgz",
      "integrity": "sha1-IQmtx5ZYh8/AXLvUQsrIv7s2CGM="
    },
    "object-path": {
      "version": "0.11.4",
      "resolved": "http://repo.ihsmarkit.com/artifactory/api/npm/npm_mod/object-path/-/object-path-0.11.4.tgz",
      "integrity": "sha1-NwrnUvvzfePqcKhhwju6iRVpGUk="
    },
    "on-finished": {
      "version": "2.3.0",
      "resolved": "http://repo.ihsmarkit.com/artifactory/api/npm/npm_mod/on-finished/-/on-finished-2.3.0.tgz",
      "integrity": "sha1-IPEzZIGwg811M3mSoWlxqi2QaUc=",
      "requires": {
        "ee-first": "1.1.1"
      }
    },
    "parseurl": {
      "version": "1.3.3",
      "resolved": "http://repo.ihsmarkit.com/artifactory/api/npm/npm_mod/parseurl/-/parseurl-1.3.3.tgz",
      "integrity": "sha1-naGee+6NEt/wUT7Vt2lXeTvC6NQ="
    },
    "path-to-regexp": {
      "version": "0.1.7",
      "resolved": "http://repo.ihsmarkit.com/artifactory/api/npm/npm_mod/path-to-regexp/-/path-to-regexp-0.1.7.tgz",
      "integrity": "sha1-32BBeABfUi8V60SQ5yR6G/qmf4w="
    },
    "proxy-addr": {
      "version": "2.0.5",
      "resolved": "http://repo.ihsmarkit.com/artifactory/api/npm/npm_mod/proxy-addr/-/proxy-addr-2.0.5.tgz",
      "integrity": "sha1-NMvWSi2B9LH9IedvnwbIpFKZ7jQ=",
      "requires": {
        "forwarded": "~0.1.2",
        "ipaddr.js": "1.9.0"
      }
    },
    "qs": {
      "version": "6.7.0",
      "resolved": "http://repo.ihsmarkit.com/artifactory/api/npm/npm_mod/qs/-/qs-6.7.0.tgz",
      "integrity": "sha1-QdwaAV49WB8WIXdr4xr7KHapsbw="
    },
    "range-parser": {
      "version": "1.2.1",
      "resolved": "http://repo.ihsmarkit.com/artifactory/api/npm/npm_mod/range-parser/-/range-parser-1.2.1.tgz",
      "integrity": "sha1-PPNwI9GZ4cJNGlW4SADC8+ZGgDE="
    },
    "raw-body": {
      "version": "2.4.0",
      "resolved": "http://repo.ihsmarkit.com/artifactory/api/npm/npm_mod/raw-body/-/raw-body-2.4.0.tgz",
      "integrity": "sha1-oc5vucm8NWylLoklarWQWeE9AzI=",
      "requires": {
        "bytes": "3.1.0",
        "http-errors": "1.7.2",
        "iconv-lite": "0.4.24",
        "unpipe": "1.0.0"
      },
      "dependencies": {
        "http-errors": {
          "version": "1.7.2",
          "resolved": "http://repo.ihsmarkit.com/artifactory/api/npm/npm_mod/http-errors/-/http-errors-1.7.2.tgz",
          "integrity": "sha1-T1ApzxMjnzEDblsuVSkrz7zIXI8=",
          "requires": {
            "depd": "~1.1.2",
            "inherits": "2.0.3",
            "setprototypeof": "1.1.1",
            "statuses": ">= 1.5.0 < 2",
            "toidentifier": "1.0.0"
          }
        },
        "inherits": {
          "version": "2.0.3",
          "resolved": "http://repo.ihsmarkit.com/artifactory/api/npm/npm_mod/inherits/-/inherits-2.0.3.tgz",
          "integrity": "sha1-Yzwsg+PaQqUC9SRmAiSA9CCCYd4="
        }
      }
    },
    "readable-stream": {
      "version": "1.1.14",
      "resolved": "http://repo.ihsmarkit.com/artifactory/api/npm/npm_mod/readable-stream/-/readable-stream-1.1.14.tgz",
      "integrity": "sha1-fPTFTvZI44EwhMY23SB54WbAgdk=",
      "requires": {
        "core-util-is": "~1.0.0",
        "inherits": "~2.0.1",
        "isarray": "0.0.1",
        "string_decoder": "~0.10.x"
      }
    },
    "resolve-from": {
      "version": "4.0.0",
      "resolved": "http://repo.ihsmarkit.com/artifactory/api/npm/npm_mod/resolve-from/-/resolve-from-4.0.0.tgz",
      "integrity": "sha1-SrzYUq0y3Xuqv+m0DgCjbbXzkuY="
    },
    "safe-buffer": {
      "version": "5.1.2",
      "resolved": "http://repo.ihsmarkit.com/artifactory/api/npm/npm_mod/safe-buffer/-/safe-buffer-5.1.2.tgz",
      "integrity": "sha1-mR7GnSluAxN0fVm9/St0XDX4go0="
    },
    "safer-buffer": {
      "version": "2.1.2",
      "resolved": "http://repo.ihsmarkit.com/artifactory/api/npm/npm_mod/safer-buffer/-/safer-buffer-2.1.2.tgz",
      "integrity": "sha1-RPoWGwGHuVSd2Eu5GAL5vYOFzWo="
    },
    "send": {
      "version": "0.17.1",
      "resolved": "http://repo.ihsmarkit.com/artifactory/api/npm/npm_mod/send/-/send-0.17.1.tgz",
      "integrity": "sha1-wdiwWfeQD3Rm3Uk4vcROEd2zdsg=",
      "requires": {
        "debug": "2.6.9",
        "depd": "~1.1.2",
        "destroy": "~1.0.4",
        "encodeurl": "~1.0.2",
        "escape-html": "~1.0.3",
        "etag": "~1.8.1",
        "fresh": "0.5.2",
        "http-errors": "~1.7.2",
        "mime": "1.6.0",
        "ms": "2.1.1",
        "on-finished": "~2.3.0",
        "range-parser": "~1.2.1",
        "statuses": "~1.5.0"
      },
      "dependencies": {
        "ms": {
          "version": "2.1.1",
          "resolved": "http://repo.ihsmarkit.com/artifactory/api/npm/npm_mod/ms/-/ms-2.1.1.tgz",
          "integrity": "sha1-MKWGTrPrsKZvLr5tcnrwagnYbgo="
        }
      }
    },
    "serve-static": {
      "version": "1.14.1",
      "resolved": "http://repo.ihsmarkit.com/artifactory/api/npm/npm_mod/serve-static/-/serve-static-1.14.1.tgz",
      "integrity": "sha1-Zm5jbcTwEPfvKZcKiKZ0MgiYsvk=",
      "requires": {
        "encodeurl": "~1.0.2",
        "escape-html": "~1.0.3",
        "parseurl": "~1.3.3",
        "send": "0.17.1"
      }
    },
    "setprototypeof": {
      "version": "1.1.1",
      "resolved": "http://repo.ihsmarkit.com/artifactory/api/npm/npm_mod/setprototypeof/-/setprototypeof-1.1.1.tgz",
      "integrity": "sha1-fpWsskqpL1iF4KvvW6ExMw1K5oM="
    },
    "source-map": {
      "version": "0.6.1",
      "resolved": "http://repo.ihsmarkit.com/artifactory/api/npm/npm_mod/source-map/-/source-map-0.6.1.tgz",
      "integrity": "sha1-dHIq8y6WFOnCh6jQu95IteLxomM="
    },
    "source-map-support": {
      "version": "0.5.16",
      "resolved": "http://repo.ihsmarkit.com/artifactory/api/npm/npm_mod/source-map-support/-/source-map-support-0.5.16.tgz",
      "integrity": "sha1-CuBp5/47p1OMZMmFFeNTOerFoEI=",
      "requires": {
        "buffer-from": "^1.0.0",
        "source-map": "^0.6.0"
      }
    },
    "statuses": {
      "version": "1.5.0",
      "resolved": "http://repo.ihsmarkit.com/artifactory/api/npm/npm_mod/statuses/-/statuses-1.5.0.tgz",
      "integrity": "sha1-Fhx9rBd2Wf2YEfQ3cfqZOBR4Yow="
    },
    "streamsearch": {
      "version": "0.1.2",
      "resolved": "http://repo.ihsmarkit.com/artifactory/api/npm/npm_mod/streamsearch/-/streamsearch-0.1.2.tgz",
      "integrity": "sha1-gIudDlb8Jz2Am6VzOOkpkZoanxo="
    },
    "string_decoder": {
      "version": "0.10.31",
      "resolved": "http://repo.ihsmarkit.com/artifactory/api/npm/npm_mod/string_decoder/-/string_decoder-0.10.31.tgz",
      "integrity": "sha1-YuIDvEF2bGwoyfyEMB2rHFMQ+pQ="
    },
    "subscriptions-transport-ws": {
      "version": "0.9.16",
      "resolved": "http://repo.ihsmarkit.com/artifactory/api/npm/npm_mod/subscriptions-transport-ws/-/subscriptions-transport-ws-0.9.16.tgz",
      "integrity": "sha1-kKQi8HcdnDIGkpTAhgivLUf1luw=",
      "requires": {
        "backo2": "^1.0.2",
        "eventemitter3": "^3.1.0",
        "iterall": "^1.2.1",
        "symbol-observable": "^1.0.4",
        "ws": "^5.2.0"
      }
    },
    "symbol-observable": {
      "version": "1.2.0",
      "resolved": "http://repo.ihsmarkit.com/artifactory/api/npm/npm_mod/symbol-observable/-/symbol-observable-1.2.0.tgz",
      "integrity": "sha1-wiaIrtTqs83C3+rLtWFmBWCgCAQ="
    },
    "toidentifier": {
      "version": "1.0.0",
      "resolved": "http://repo.ihsmarkit.com/artifactory/api/npm/npm_mod/toidentifier/-/toidentifier-1.0.0.tgz",
      "integrity": "sha1-fhvjRw8ed5SLxD2Uo8j013UrpVM="
    },
    "ts-invariant": {
      "version": "0.4.4",
      "resolved": "http://repo.ihsmarkit.com/artifactory/api/npm/npm_mod/ts-invariant/-/ts-invariant-0.4.4.tgz",
      "integrity": "sha1-l6UjUYaI+TqvrQGw6A64A+sqvYY=",
      "requires": {
        "tslib": "^1.9.3"
      }
    },
    "tslib": {
      "version": "1.10.0",
      "resolved": "http://repo.ihsmarkit.com/artifactory/api/npm/npm_mod/tslib/-/tslib-1.10.0.tgz",
      "integrity": "sha1-w8GflZc/sKYpc/sJ2Q2WHuQ+XIo="
    },
    "type-is": {
      "version": "1.6.18",
      "resolved": "http://repo.ihsmarkit.com/artifactory/api/npm/npm_mod/type-is/-/type-is-1.6.18.tgz",
      "integrity": "sha1-TlUs0F3wlGfcvE73Od6J8s83wTE=",
      "requires": {
        "media-typer": "0.3.0",
        "mime-types": "~2.1.24"
      }
    },
    "unpipe": {
      "version": "1.0.0",
      "resolved": "http://repo.ihsmarkit.com/artifactory/api/npm/npm_mod/unpipe/-/unpipe-1.0.0.tgz",
      "integrity": "sha1-sr9O6FFKrmFltIF4KdIbLvSZBOw="
    },
    "utils-merge": {
      "version": "1.0.1",
      "resolved": "http://repo.ihsmarkit.com/artifactory/api/npm/npm_mod/utils-merge/-/utils-merge-1.0.1.tgz",
      "integrity": "sha1-n5VxD1CiZ5R7LMwSR0HBAoQn5xM="
    },
    "uuid": {
      "version": "3.4.0",
      "resolved": "http://repo.ihsmarkit.com/artifactory/api/npm/npm_mod/uuid/-/uuid-3.4.0.tgz",
      "integrity": "sha1-sj5DWK+oogL+ehAK8fX4g/AgB+4="
    },
    "vary": {
      "version": "1.1.2",
      "resolved": "http://repo.ihsmarkit.com/artifactory/api/npm/npm_mod/vary/-/vary-1.1.2.tgz",
      "integrity": "sha1-IpnwLG3tMNSllhsLn3RSShj2NPw="
    },
    "ws": {
      "version": "5.2.2",
      "resolved": "http://repo.ihsmarkit.com/artifactory/api/npm/npm_mod/ws/-/ws-5.2.2.tgz",
      "integrity": "sha1-3/7xSGa46NyRM1glFNG++vlumA8=",
      "requires": {
        "async-limiter": "~1.0.0"
      }
    },
    "zen-observable": {
      "version": "0.8.15",
      "resolved": "http://repo.ihsmarkit.com/artifactory/api/npm/npm_mod/zen-observable/-/zen-observable-0.8.15.tgz",
      "integrity": "sha1-lkFcUS2OP/2SCv04iWBOMLnqrBU="
    },
    "zen-observable-ts": {
      "version": "0.8.20",
      "resolved": "http://repo.ihsmarkit.com/artifactory/api/npm/npm_mod/zen-observable-ts/-/zen-observable-ts-0.8.20.tgz",
      "integrity": "sha1-RAkeM10/y8l/ZJfmPn9X1bUWsWM=",
      "requires": {
        "tslib": "^1.9.3",
        "zen-observable": "^0.8.0"
      }
    }
  }
}
